
Microsoft Visual Studio Solution File, Format Version 12.00
# Visual Studio Version 17
VisualStudioVersion = 17.14.36109.1 d17.14
MinimumVisualStudioVersion = 10.0.40219.1
Project("{FAE04EC0-301F-11D3-BF4B-00C04F79EFBC}") = "EduSyncWebAPI", "EduSyncWebAPI.csproj", "{3A19F19A-84DF-4878-A2FC-848D997D11ED}"
EndProject
Global
	GlobalSection(SolutionConfigurationPlatforms) = preSolution
		Debug|Any CPU = Debug|Any CPU
		Release|Any CPU = Release|Any CPU
	EndGlobalSection
	GlobalSection(ProjectConfigurationPlatforms) = postSolution
		{3A19F19A-84DF-4878-A2FC-848D997D11ED}.Debug|Any CPU.ActiveCfg = Debug|Any CPU
		{3A19F19A-84DF-4878-A2FC-848D997D11ED}.Debug|Any CPU.Build.0 = Debug|Any CPU
		{3A19F19A-84DF-4878-A2FC-848D997D11ED}.Release|Any CPU.ActiveCfg = Release|Any CPU
		{3A19F19A-84DF-4878-A2FC-848D997D11ED}.Release|Any CPU.Build.0 = Release|Any CPU
	EndGlobalSection
	GlobalSection(SolutionProperties) = preSolution
		HideSolutionNode = FALSE
	EndGlobalSection
	GlobalSection(ExtensibilityGlobals) = postSolution
		SolutionGuid = {8810E2D6-B036-4331-A432-BF7EE2E922CB}
	EndGlobalSection
EndGlobal
